
Microsoft Visual Studio Solution File, Format Version 12.00
# Visual Studio Version 17
VisualStudioVersion = 17.14.36401.2 d17.14
MinimumVisualStudioVersion = 10.0.40219.1
Project("{FAE04EC0-301F-11D3-BF4B-00C04F79EFBC}") = "BD_", "BD_\BD_.csproj", "{2D7F5856-D997-425D-9EA4-46D462523ECB}"
EndProject
Global
	GlobalSection(SolutionConfigurationPlatforms) = preSolution
		Debug|Any CPU = Debug|Any CPU
		Release|Any CPU = Release|Any CPU
	EndGlobalSection
	GlobalSection(ProjectConfigurationPlatforms) = postSolution
		{2D7F5856-D997-425D-9EA4-46D462523ECB}.Debug|Any CPU.ActiveCfg = Debug|Any CPU
		{2D7F5856-D997-425D-9EA4-46D462523ECB}.Debug|Any CPU.Build.0 = Debug|Any CPU
		{2D7F5856-D997-425D-9EA4-46D462523ECB}.Release|Any CPU.ActiveCfg = Release|Any CPU
		{2D7F5856-D997-425D-9EA4-46D462523ECB}.Release|Any CPU.Build.0 = Release|Any CPU
	EndGlobalSection
	GlobalSection(SolutionProperties) = preSolution
		HideSolutionNode = FALSE
	EndGlobalSection
	GlobalSection(ExtensibilityGlobals) = postSolution
		SolutionGuid = {41EE5024-E8E9-4124-94C2-40DBFE26135C}
	EndGlobalSection
EndGlobal
