
Microsoft Visual Studio Solution File, Format Version 12.00
# Visual Studio Version 17
VisualStudioVersion = 17.0.31903.59
MinimumVisualStudioVersion = 10.0.40219.1
Project("{FAE04EC0-301F-11D3-BF4B-00C04F79EFBC}") = "num_par_impar", "num_par_impar\num_par_impar.csproj", "{59B49EB2-0810-49E2-98C8-C1497EAA46B7}"
EndProject
Project("{FAE04EC0-301F-11D3-BF4B-00C04F79EFBC}") = "rpg", "rpg\rpg.csproj", "{FAF8483D-E570-4183-A1B7-5218C898503D}"
EndProject
Global
	GlobalSection(SolutionConfigurationPlatforms) = preSolution
		Debug|Any CPU = Debug|Any CPU
		Debug|x64 = Debug|x64
		Debug|x86 = Debug|x86
		Release|Any CPU = Release|Any CPU
		Release|x64 = Release|x64
		Release|x86 = Release|x86
	EndGlobalSection
	GlobalSection(ProjectConfigurationPlatforms) = postSolution
		{59B49EB2-0810-49E2-98C8-C1497EAA46B7}.Debug|Any CPU.ActiveCfg = Debug|Any CPU
		{59B49EB2-0810-49E2-98C8-C1497EAA46B7}.Debug|Any CPU.Build.0 = Debug|Any CPU
		{59B49EB2-0810-49E2-98C8-C1497EAA46B7}.Debug|x64.ActiveCfg = Debug|Any CPU
		{59B49EB2-0810-49E2-98C8-C1497EAA46B7}.Debug|x64.Build.0 = Debug|Any CPU
		{59B49EB2-0810-49E2-98C8-C1497EAA46B7}.Debug|x86.ActiveCfg = Debug|Any CPU
		{59B49EB2-0810-49E2-98C8-C1497EAA46B7}.Debug|x86.Build.0 = Debug|Any CPU
		{59B49EB2-0810-49E2-98C8-C1497EAA46B7}.Release|Any CPU.ActiveCfg = Release|Any CPU
		{59B49EB2-0810-49E2-98C8-C1497EAA46B7}.Release|Any CPU.Build.0 = Release|Any CPU
		{59B49EB2-0810-49E2-98C8-C1497EAA46B7}.Release|x64.ActiveCfg = Release|Any CPU
		{59B49EB2-0810-49E2-98C8-C1497EAA46B7}.Release|x64.Build.0 = Release|Any CPU
		{59B49EB2-0810-49E2-98C8-C1497EAA46B7}.Release|x86.ActiveCfg = Release|Any CPU
		{59B49EB2-0810-49E2-98C8-C1497EAA46B7}.Release|x86.Build.0 = Release|Any CPU
		{FAF8483D-E570-4183-A1B7-5218C898503D}.Debug|Any CPU.ActiveCfg = Debug|Any CPU
		{FAF8483D-E570-4183-A1B7-5218C898503D}.Debug|Any CPU.Build.0 = Debug|Any CPU
		{FAF8483D-E570-4183-A1B7-5218C898503D}.Debug|x64.ActiveCfg = Debug|Any CPU
		{FAF8483D-E570-4183-A1B7-5218C898503D}.Debug|x64.Build.0 = Debug|Any CPU
		{FAF8483D-E570-4183-A1B7-5218C898503D}.Debug|x86.ActiveCfg = Debug|Any CPU
		{FAF8483D-E570-4183-A1B7-5218C898503D}.Debug|x86.Build.0 = Debug|Any CPU
		{FAF8483D-E570-4183-A1B7-5218C898503D}.Release|Any CPU.ActiveCfg = Release|Any CPU
		{FAF8483D-E570-4183-A1B7-5218C898503D}.Release|Any CPU.Build.0 = Release|Any CPU
		{FAF8483D-E570-4183-A1B7-5218C898503D}.Release|x64.ActiveCfg = Release|Any CPU
		{FAF8483D-E570-4183-A1B7-5218C898503D}.Release|x64.Build.0 = Release|Any CPU
		{FAF8483D-E570-4183-A1B7-5218C898503D}.Release|x86.ActiveCfg = Release|Any CPU
		{FAF8483D-E570-4183-A1B7-5218C898503D}.Release|x86.Build.0 = Release|Any CPU
	EndGlobalSection
	GlobalSection(SolutionProperties) = preSolution
		HideSolutionNode = FALSE
	EndGlobalSection
EndGlobal
